
Microsoft Visual Studio Solution File, Format Version 12.00
# Visual Studio Version 17
VisualStudioVersion = 17.3.32929.385
MinimumVisualStudioVersion = 10.0.40219.1
Project("{FAE04EC0-301F-11D3-BF4B-00C04F79EFBC}") = "Excersise_1", "Excersise_1\Excersise_1.csproj", "{810AC7BE-5AE1-42F0-AAB9-99E5D080C280}"
EndProject
Global
	GlobalSection(SolutionConfigurationPlatforms) = preSolution
		Debug|Any CPU = Debug|Any CPU
		Release|Any CPU = Release|Any CPU
	EndGlobalSection
	GlobalSection(ProjectConfigurationPlatforms) = postSolution
		{810AC7BE-5AE1-42F0-AAB9-99E5D080C280}.Debug|Any CPU.ActiveCfg = Debug|Any CPU
		{810AC7BE-5AE1-42F0-AAB9-99E5D080C280}.Debug|Any CPU.Build.0 = Debug|Any CPU
		{810AC7BE-5AE1-42F0-AAB9-99E5D080C280}.Release|Any CPU.ActiveCfg = Release|Any CPU
		{810AC7BE-5AE1-42F0-AAB9-99E5D080C280}.Release|Any CPU.Build.0 = Release|Any CPU
	EndGlobalSection
	GlobalSection(SolutionProperties) = preSolution
		HideSolutionNode = FALSE
	EndGlobalSection
	GlobalSection(ExtensibilityGlobals) = postSolution
		SolutionGuid = {72CD9BD8-FB7D-4618-96A6-716330690D06}
	EndGlobalSection
EndGlobal
